
Microsoft Visual Studio Solution File, Format Version 12.00
# Visual Studio Version 17
VisualStudioVersion = 17.5.33516.290
MinimumVisualStudioVersion = 10.0.40219.1
Project("{2150E333-8FDC-42A3-9474-1A3956D46DE8}") = "src", "src", "{68B25F59-09A2-43A6-8C32-CDD0CD20457E}"
EndProject
Project("{2150E333-8FDC-42A3-9474-1A3956D46DE8}") = "Solution Items", "Solution Items", "{05BDB3B3-994D-4C5B-AC09-324F1D40E159}"
	ProjectSection(SolutionItems) = preProject
		Solution Items\ServiceUrls.txt = Solution Items\ServiceUrls.txt
	EndProjectSection
EndProject
Project("{2150E333-8FDC-42A3-9474-1A3956D46DE8}") = "ApiGateways", "ApiGateways", "{4B08889E-463D-4A7A-AF1F-3E9F5CBF0C34}"
EndProject
Project("{2150E333-8FDC-42A3-9474-1A3956D46DE8}") = "BuildingBlocks", "BuildingBlocks", "{FA9E1144-D8C3-4782-AEBF-C9DF4A50F4D9}"
EndProject
Project("{2150E333-8FDC-42A3-9474-1A3956D46DE8}") = "Clients", "Clients", "{0DB4BD61-A5B0-40C8-A6C8-D6B7D8EB76D7}"
EndProject
Project("{2150E333-8FDC-42A3-9474-1A3956D46DE8}") = "Services", "Services", "{0853EE1F-705C-45D8-B73F-E98C2D7DCB78}"
EndProject
Project("{2150E333-8FDC-42A3-9474-1A3956D46DE8}") = "WebApiGateway", "WebApiGateway", "{C6530C30-7701-45F4-821D-17AB9ED1CF10}"
EndProject
Project("{9A19103F-16F7-4668-BE54-9A1E7A4F7556}") = "Web.ApiGateways", "src\ApiGateways\Web.ApiGateways\Web.ApiGateways.csproj", "{7AB13675-855C-47C4-A911-204E0D8D9880}"
EndProject
Project("{2150E333-8FDC-42A3-9474-1A3956D46DE8}") = "EventBus", "EventBus", "{ABB5AB95-6AC1-4E8A-BE67-CC5B8E318FC8}"
EndProject
Project("{9A19103F-16F7-4668-BE54-9A1E7A4F7556}") = "EventBus.Base", "src\BuildingBlocks\EventBus\EventBus.Base\EventBus.Base.csproj", "{8BB137EF-D84B-4246-848C-14F2BFBA2993}"
EndProject
Project("{9A19103F-16F7-4668-BE54-9A1E7A4F7556}") = "EventBus.Factroy", "src\BuildingBlocks\EventBus\EventBus.Factroy\EventBus.Factroy.csproj", "{E6177345-0862-4E9F-8CE2-FB510B9A7C45}"
EndProject
Project("{9A19103F-16F7-4668-BE54-9A1E7A4F7556}") = "EvetBus.AzureServiceBus", "src\BuildingBlocks\EventBus\EvetBus.AzureServiceBus\EvetBus.AzureServiceBus.csproj", "{4C8FE6B6-B346-40D2-B00B-AAD207DDA0D0}"
EndProject
Project("{9A19103F-16F7-4668-BE54-9A1E7A4F7556}") = "EventBus.RabbitMQ", "src\BuildingBlocks\EventBus\EventBus.RabbitMQ\EventBus.RabbitMQ.csproj", "{5F89A9EC-433B-4D69-B909-D2CBF1ED640A}"
EndProject
Project("{2150E333-8FDC-42A3-9474-1A3956D46DE8}") = "BlazorWebApp", "BlazorWebApp", "{A3D8131E-4EE3-4803-B80D-470863EBDC2E}"
EndProject
Project("{9A19103F-16F7-4668-BE54-9A1E7A4F7556}") = "WebApp", "src\Clients\BlazorWebApp\WebApp\WebApp.csproj", "{423431FC-3748-42DE-A31C-F5953FF9B78F}"
EndProject
Project("{2150E333-8FDC-42A3-9474-1A3956D46DE8}") = "BasketService", "BasketService", "{1600F28A-96D2-4183-8EC0-AC28CFAF74E7}"
EndProject
Project("{9A19103F-16F7-4668-BE54-9A1E7A4F7556}") = "BasketService.Api", "src\Services\BasketService\BasketService.Api\BasketService.Api.csproj", "{3B77B7FD-D894-4BA1-AD88-EB21D444740C}"
EndProject
Project("{9A19103F-16F7-4668-BE54-9A1E7A4F7556}") = "CatologService.Api", "src\Services\CatologService\CatologService.Api\CatologService.Api.csproj", "{7B3F80BD-6E61-40F2-8692-FAEF7A65CA31}"
EndProject
Project("{9A19103F-16F7-4668-BE54-9A1E7A4F7556}") = "IdentityService.Api", "src\Services\IdentityService\IdentityService.Api\IdentityService.Api.csproj", "{1898E428-025B-403F-8350-BA854B2AE05E}"
EndProject
Project("{9A19103F-16F7-4668-BE54-9A1E7A4F7556}") = "NotificationService", "src\Services\NotificationService\NotificationService\NotificationService.csproj", "{22A91E80-D587-410D-A74A-C3FA6513E05F}"
EndProject
Project("{2150E333-8FDC-42A3-9474-1A3956D46DE8}") = "CatologService", "CatologService", "{C65A19FD-1F16-4DC6-A264-10C29A1D4290}"
EndProject
Project("{2150E333-8FDC-42A3-9474-1A3956D46DE8}") = "IdentityService", "IdentityService", "{0FF1873D-0D66-47D1-8BB4-F7D9FA2EBC09}"
EndProject
Project("{2150E333-8FDC-42A3-9474-1A3956D46DE8}") = "NotificationService", "NotificationService", "{96A9E75C-8B09-4DC0-BF32-EFD466817EA0}"
EndProject
Project("{2150E333-8FDC-42A3-9474-1A3956D46DE8}") = "OrderService", "OrderService", "{B977A33C-7933-44BC-9536-7BB0B532E50C}"
EndProject
Project("{9A19103F-16F7-4668-BE54-9A1E7A4F7556}") = "OrderService.Domain", "src\Services\OrderService\OrderService.Domain\OrderService.Domain.csproj", "{56C77C83-7620-4F82-A8F1-BBB19F9D8C4A}"
EndProject
Project("{9A19103F-16F7-4668-BE54-9A1E7A4F7556}") = "OrderService.Application", "src\Services\OrderService\OrderService.Application\OrderService.Application.csproj", "{EB750737-EFDC-45ED-BEAE-6E74CDA01713}"
EndProject
Project("{9A19103F-16F7-4668-BE54-9A1E7A4F7556}") = "OrderService.Infrastructure", "src\Services\OrderService\OrderService.Infrastructure\OrderService.Infrastructure.csproj", "{1CCE7B90-A096-48ED-8073-DF1A45EF5FDE}"
EndProject
Project("{9A19103F-16F7-4668-BE54-9A1E7A4F7556}") = "OrderService.Api", "src\Services\OrderService\OrderService.Api\OrderService.Api.csproj", "{B8233737-E00A-4664-9A48-F90FFE2B717D}"
EndProject
Project("{2150E333-8FDC-42A3-9474-1A3956D46DE8}") = "PaymentService", "PaymentService", "{25ADD0AA-DE70-45B9-BC2A-412E8307D40D}"
EndProject
Project("{9A19103F-16F7-4668-BE54-9A1E7A4F7556}") = "PaymentService.Api", "src\Services\PaymentService\PaymentService.Api\PaymentService.Api.csproj", "{94684E08-4727-4685-A90B-8D52E81C6C7D}"
EndProject
Project("{2150E333-8FDC-42A3-9474-1A3956D46DE8}") = "tests", "tests", "{2FD0604B-8302-402C-8639-4420A2E269D5}"
EndProject
Project("{2150E333-8FDC-42A3-9474-1A3956D46DE8}") = "BuildingBlocks", "BuildingBlocks", "{831D5790-1EE4-46B8-B400-34A59E72A638}"
EndProject
Project("{FAE04EC0-301F-11D3-BF4B-00C04F79EFBC}") = "EventBust.UnitTest", "test\BuildingBlocks\EventBust.UnitTest\EventBust.UnitTest.csproj", "{BF009089-2437-44B7-9190-56C5AD7FC915}"
EndProject
Global
	GlobalSection(SolutionConfigurationPlatforms) = preSolution
		Debug|Any CPU = Debug|Any CPU
		Release|Any CPU = Release|Any CPU
	EndGlobalSection
	GlobalSection(ProjectConfigurationPlatforms) = postSolution
		{7AB13675-855C-47C4-A911-204E0D8D9880}.Debug|Any CPU.ActiveCfg = Debug|Any CPU
		{7AB13675-855C-47C4-A911-204E0D8D9880}.Debug|Any CPU.Build.0 = Debug|Any CPU
		{7AB13675-855C-47C4-A911-204E0D8D9880}.Release|Any CPU.ActiveCfg = Release|Any CPU
		{7AB13675-855C-47C4-A911-204E0D8D9880}.Release|Any CPU.Build.0 = Release|Any CPU
		{8BB137EF-D84B-4246-848C-14F2BFBA2993}.Debug|Any CPU.ActiveCfg = Debug|Any CPU
		{8BB137EF-D84B-4246-848C-14F2BFBA2993}.Debug|Any CPU.Build.0 = Debug|Any CPU
		{8BB137EF-D84B-4246-848C-14F2BFBA2993}.Release|Any CPU.ActiveCfg = Release|Any CPU
		{8BB137EF-D84B-4246-848C-14F2BFBA2993}.Release|Any CPU.Build.0 = Release|Any CPU
		{E6177345-0862-4E9F-8CE2-FB510B9A7C45}.Debug|Any CPU.ActiveCfg = Debug|Any CPU
		{E6177345-0862-4E9F-8CE2-FB510B9A7C45}.Debug|Any CPU.Build.0 = Debug|Any CPU
		{E6177345-0862-4E9F-8CE2-FB510B9A7C45}.Release|Any CPU.ActiveCfg = Release|Any CPU
		{E6177345-0862-4E9F-8CE2-FB510B9A7C45}.Release|Any CPU.Build.0 = Release|Any CPU
		{4C8FE6B6-B346-40D2-B00B-AAD207DDA0D0}.Debug|Any CPU.ActiveCfg = Debug|Any CPU
		{4C8FE6B6-B346-40D2-B00B-AAD207DDA0D0}.Debug|Any CPU.Build.0 = Debug|Any CPU
		{4C8FE6B6-B346-40D2-B00B-AAD207DDA0D0}.Release|Any CPU.ActiveCfg = Release|Any CPU
		{4C8FE6B6-B346-40D2-B00B-AAD207DDA0D0}.Release|Any CPU.Build.0 = Release|Any CPU
		{5F89A9EC-433B-4D69-B909-D2CBF1ED640A}.Debug|Any CPU.ActiveCfg = Debug|Any CPU
		{5F89A9EC-433B-4D69-B909-D2CBF1ED640A}.Debug|Any CPU.Build.0 = Debug|Any CPU
		{5F89A9EC-433B-4D69-B909-D2CBF1ED640A}.Release|Any CPU.ActiveCfg = Release|Any CPU
		{5F89A9EC-433B-4D69-B909-D2CBF1ED640A}.Release|Any CPU.Build.0 = Release|Any CPU
		{423431FC-3748-42DE-A31C-F5953FF9B78F}.Debug|Any CPU.ActiveCfg = Debug|Any CPU
		{423431FC-3748-42DE-A31C-F5953FF9B78F}.Debug|Any CPU.Build.0 = Debug|Any CPU
		{423431FC-3748-42DE-A31C-F5953FF9B78F}.Release|Any CPU.ActiveCfg = Release|Any CPU
		{423431FC-3748-42DE-A31C-F5953FF9B78F}.Release|Any CPU.Build.0 = Release|Any CPU
		{3B77B7FD-D894-4BA1-AD88-EB21D444740C}.Debug|Any CPU.ActiveCfg = Debug|Any CPU
		{3B77B7FD-D894-4BA1-AD88-EB21D444740C}.Debug|Any CPU.Build.0 = Debug|Any CPU
		{3B77B7FD-D894-4BA1-AD88-EB21D444740C}.Release|Any CPU.ActiveCfg = Release|Any CPU
		{3B77B7FD-D894-4BA1-AD88-EB21D444740C}.Release|Any CPU.Build.0 = Release|Any CPU
		{7B3F80BD-6E61-40F2-8692-FAEF7A65CA31}.Debug|Any CPU.ActiveCfg = Debug|Any CPU
		{7B3F80BD-6E61-40F2-8692-FAEF7A65CA31}.Debug|Any CPU.Build.0 = Debug|Any CPU
		{7B3F80BD-6E61-40F2-8692-FAEF7A65CA31}.Release|Any CPU.ActiveCfg = Release|Any CPU
		{7B3F80BD-6E61-40F2-8692-FAEF7A65CA31}.Release|Any CPU.Build.0 = Release|Any CPU
		{1898E428-025B-403F-8350-BA854B2AE05E}.Debug|Any CPU.ActiveCfg = Debug|Any CPU
		{1898E428-025B-403F-8350-BA854B2AE05E}.Debug|Any CPU.Build.0 = Debug|Any CPU
		{1898E428-025B-403F-8350-BA854B2AE05E}.Release|Any CPU.ActiveCfg = Release|Any CPU
		{1898E428-025B-403F-8350-BA854B2AE05E}.Release|Any CPU.Build.0 = Release|Any CPU
		{22A91E80-D587-410D-A74A-C3FA6513E05F}.Debug|Any CPU.ActiveCfg = Debug|Any CPU
		{22A91E80-D587-410D-A74A-C3FA6513E05F}.Debug|Any CPU.Build.0 = Debug|Any CPU
		{22A91E80-D587-410D-A74A-C3FA6513E05F}.Release|Any CPU.ActiveCfg = Release|Any CPU
		{22A91E80-D587-410D-A74A-C3FA6513E05F}.Release|Any CPU.Build.0 = Release|Any CPU
		{56C77C83-7620-4F82-A8F1-BBB19F9D8C4A}.Debug|Any CPU.ActiveCfg = Debug|Any CPU
		{56C77C83-7620-4F82-A8F1-BBB19F9D8C4A}.Debug|Any CPU.Build.0 = Debug|Any CPU
		{56C77C83-7620-4F82-A8F1-BBB19F9D8C4A}.Release|Any CPU.ActiveCfg = Release|Any CPU
		{56C77C83-7620-4F82-A8F1-BBB19F9D8C4A}.Release|Any CPU.Build.0 = Release|Any CPU
		{EB750737-EFDC-45ED-BEAE-6E74CDA01713}.Debug|Any CPU.ActiveCfg = Debug|Any CPU
		{EB750737-EFDC-45ED-BEAE-6E74CDA01713}.Debug|Any CPU.Build.0 = Debug|Any CPU
		{EB750737-EFDC-45ED-BEAE-6E74CDA01713}.Release|Any CPU.ActiveCfg = Release|Any CPU
		{EB750737-EFDC-45ED-BEAE-6E74CDA01713}.Release|Any CPU.Build.0 = Release|Any CPU
		{1CCE7B90-A096-48ED-8073-DF1A45EF5FDE}.Debug|Any CPU.ActiveCfg = Debug|Any CPU
		{1CCE7B90-A096-48ED-8073-DF1A45EF5FDE}.Debug|Any CPU.Build.0 = Debug|Any CPU
		{1CCE7B90-A096-48ED-8073-DF1A45EF5FDE}.Release|Any CPU.ActiveCfg = Release|Any CPU
		{1CCE7B90-A096-48ED-8073-DF1A45EF5FDE}.Release|Any CPU.Build.0 = Release|Any CPU
		{B8233737-E00A-4664-9A48-F90FFE2B717D}.Debug|Any CPU.ActiveCfg = Debug|Any CPU
		{B8233737-E00A-4664-9A48-F90FFE2B717D}.Debug|Any CPU.Build.0 = Debug|Any CPU
		{B8233737-E00A-4664-9A48-F90FFE2B717D}.Release|Any CPU.ActiveCfg = Release|Any CPU
		{B8233737-E00A-4664-9A48-F90FFE2B717D}.Release|Any CPU.Build.0 = Release|Any CPU
		{94684E08-4727-4685-A90B-8D52E81C6C7D}.Debug|Any CPU.ActiveCfg = Debug|Any CPU
		{94684E08-4727-4685-A90B-8D52E81C6C7D}.Debug|Any CPU.Build.0 = Debug|Any CPU
		{94684E08-4727-4685-A90B-8D52E81C6C7D}.Release|Any CPU.ActiveCfg = Release|Any CPU
		{94684E08-4727-4685-A90B-8D52E81C6C7D}.Release|Any CPU.Build.0 = Release|Any CPU
		{BF009089-2437-44B7-9190-56C5AD7FC915}.Debug|Any CPU.ActiveCfg = Debug|Any CPU
		{BF009089-2437-44B7-9190-56C5AD7FC915}.Debug|Any CPU.Build.0 = Debug|Any CPU
		{BF009089-2437-44B7-9190-56C5AD7FC915}.Release|Any CPU.ActiveCfg = Release|Any CPU
		{BF009089-2437-44B7-9190-56C5AD7FC915}.Release|Any CPU.Build.0 = Release|Any CPU
	EndGlobalSection
	GlobalSection(SolutionProperties) = preSolution
		HideSolutionNode = FALSE
	EndGlobalSection
	GlobalSection(NestedProjects) = preSolution
		{4B08889E-463D-4A7A-AF1F-3E9F5CBF0C34} = {68B25F59-09A2-43A6-8C32-CDD0CD20457E}
		{FA9E1144-D8C3-4782-AEBF-C9DF4A50F4D9} = {68B25F59-09A2-43A6-8C32-CDD0CD20457E}
		{0DB4BD61-A5B0-40C8-A6C8-D6B7D8EB76D7} = {68B25F59-09A2-43A6-8C32-CDD0CD20457E}
		{0853EE1F-705C-45D8-B73F-E98C2D7DCB78} = {68B25F59-09A2-43A6-8C32-CDD0CD20457E}
		{C6530C30-7701-45F4-821D-17AB9ED1CF10} = {4B08889E-463D-4A7A-AF1F-3E9F5CBF0C34}
		{7AB13675-855C-47C4-A911-204E0D8D9880} = {C6530C30-7701-45F4-821D-17AB9ED1CF10}
		{ABB5AB95-6AC1-4E8A-BE67-CC5B8E318FC8} = {FA9E1144-D8C3-4782-AEBF-C9DF4A50F4D9}
		{8BB137EF-D84B-4246-848C-14F2BFBA2993} = {ABB5AB95-6AC1-4E8A-BE67-CC5B8E318FC8}
		{E6177345-0862-4E9F-8CE2-FB510B9A7C45} = {ABB5AB95-6AC1-4E8A-BE67-CC5B8E318FC8}
		{4C8FE6B6-B346-40D2-B00B-AAD207DDA0D0} = {ABB5AB95-6AC1-4E8A-BE67-CC5B8E318FC8}
		{5F89A9EC-433B-4D69-B909-D2CBF1ED640A} = {ABB5AB95-6AC1-4E8A-BE67-CC5B8E318FC8}
		{A3D8131E-4EE3-4803-B80D-470863EBDC2E} = {0DB4BD61-A5B0-40C8-A6C8-D6B7D8EB76D7}
		{423431FC-3748-42DE-A31C-F5953FF9B78F} = {A3D8131E-4EE3-4803-B80D-470863EBDC2E}
		{1600F28A-96D2-4183-8EC0-AC28CFAF74E7} = {0853EE1F-705C-45D8-B73F-E98C2D7DCB78}
		{3B77B7FD-D894-4BA1-AD88-EB21D444740C} = {1600F28A-96D2-4183-8EC0-AC28CFAF74E7}
		{7B3F80BD-6E61-40F2-8692-FAEF7A65CA31} = {C65A19FD-1F16-4DC6-A264-10C29A1D4290}
		{1898E428-025B-403F-8350-BA854B2AE05E} = {0FF1873D-0D66-47D1-8BB4-F7D9FA2EBC09}
		{22A91E80-D587-410D-A74A-C3FA6513E05F} = {96A9E75C-8B09-4DC0-BF32-EFD466817EA0}
		{C65A19FD-1F16-4DC6-A264-10C29A1D4290} = {0853EE1F-705C-45D8-B73F-E98C2D7DCB78}
		{0FF1873D-0D66-47D1-8BB4-F7D9FA2EBC09} = {0853EE1F-705C-45D8-B73F-E98C2D7DCB78}
		{96A9E75C-8B09-4DC0-BF32-EFD466817EA0} = {0853EE1F-705C-45D8-B73F-E98C2D7DCB78}
		{B977A33C-7933-44BC-9536-7BB0B532E50C} = {0853EE1F-705C-45D8-B73F-E98C2D7DCB78}
		{56C77C83-7620-4F82-A8F1-BBB19F9D8C4A} = {B977A33C-7933-44BC-9536-7BB0B532E50C}
		{EB750737-EFDC-45ED-BEAE-6E74CDA01713} = {B977A33C-7933-44BC-9536-7BB0B532E50C}
		{1CCE7B90-A096-48ED-8073-DF1A45EF5FDE} = {B977A33C-7933-44BC-9536-7BB0B532E50C}
		{B8233737-E00A-4664-9A48-F90FFE2B717D} = {B977A33C-7933-44BC-9536-7BB0B532E50C}
		{25ADD0AA-DE70-45B9-BC2A-412E8307D40D} = {0853EE1F-705C-45D8-B73F-E98C2D7DCB78}
		{94684E08-4727-4685-A90B-8D52E81C6C7D} = {25ADD0AA-DE70-45B9-BC2A-412E8307D40D}
		{831D5790-1EE4-46B8-B400-34A59E72A638} = {2FD0604B-8302-402C-8639-4420A2E269D5}
		{BF009089-2437-44B7-9190-56C5AD7FC915} = {831D5790-1EE4-46B8-B400-34A59E72A638}
	EndGlobalSection
	GlobalSection(ExtensibilityGlobals) = postSolution
		SolutionGuid = {8134019E-8D0A-4D3A-8BFD-9F20A6B94ED1}
	EndGlobalSection
EndGlobal
